// !$*UTF8*$!
{
	archiveVersion = 1;
	classes = {
	};
	objectVersion = 50;
	objects = {

/* Begin PBXBuildFile section */
		D50CA15C20E90771005758C7 /* NetworkManager.swift in Sources */ = {isa = PBXBuildFile; fileRef = D50CA15B20E90771005758C7 /* NetworkManager.swift */; };
		D50CA16320E933EE005758C7 /* Alamofire.framework in Frameworks */ = {isa = PBXBuildFile; fileRef = D50D3A2320E9026C00DE2414 /* Alamofire.framework */; };
		D50CA16420E933EE005758C7 /* Alamofire.framework in Embed Frameworks */ = {isa = PBXBuildFile; fileRef = D50D3A2320E9026C00DE2414 /* Alamofire.framework */; settings = {ATTRIBUTES = (CodeSignOnCopy, RemoveHeadersOnCopy, ); }; };
		D50CA16B20E9564B005758C7 /* TMDBRouter.swift in Sources */ = {isa = PBXBuildFile; fileRef = D50CA16A20E9564B005758C7 /* TMDBRouter.swift */; };
		D50D3A2420E9026C00DE2414 /* Alamofire.framework in Frameworks */ = {isa = PBXBuildFile; fileRef = D50D3A2320E9026C00DE2414 /* Alamofire.framework */; };
		D5327E9C20EA9EE200D2D042 /* Movie.swift in Sources */ = {isa = PBXBuildFile; fileRef = D5327E9B20EA9EE200D2D042 /* Movie.swift */; };
		D5327E9F20EAA7A100D2D042 /* DateFormatterExtension.swift in Sources */ = {isa = PBXBuildFile; fileRef = D5327E9E20EAA7A100D2D042 /* DateFormatterExtension.swift */; };
		D5334D7E20E900E3008F3249 /* AppDelegate.swift in Sources */ = {isa = PBXBuildFile; fileRef = D5334D7D20E900E3008F3249 /* AppDelegate.swift */; };
		D5334D8320E900E3008F3249 /* Main.storyboard in Resources */ = {isa = PBXBuildFile; fileRef = D5334D8120E900E3008F3249 /* Main.storyboard */; };
		D5334D8520E900E3008F3249 /* Assets.xcassets in Resources */ = {isa = PBXBuildFile; fileRef = D5334D8420E900E3008F3249 /* Assets.xcassets */; };
		D5334D8820E900E3008F3249 /* LaunchScreen.storyboard in Resources */ = {isa = PBXBuildFile; fileRef = D5334D8620E900E3008F3249 /* LaunchScreen.storyboard */; };
		D553CA3C20EBDDC8004E77DC /* BaseSectionDataModel.swift in Sources */ = {isa = PBXBuildFile; fileRef = D553CA3B20EBDDC8004E77DC /* BaseSectionDataModel.swift */; };
		D553CA4020EBDF02004E77DC /* BaseTableComponentViewCell.swift in Sources */ = {isa = PBXBuildFile; fileRef = D553CA3F20EBDF02004E77DC /* BaseTableComponentViewCell.swift */; };
		D553CA4220EBDFA3004E77DC /* MovieSearchViewController.swift in Sources */ = {isa = PBXBuildFile; fileRef = D553CA4120EBDFA3004E77DC /* MovieSearchViewController.swift */; };
		D553CA4520EBEA2B004E77DC /* MovieTests.swift in Sources */ = {isa = PBXBuildFile; fileRef = D553CA4420EBEA2B004E77DC /* MovieTests.swift */; };
		D553CA4820EBF1E4004E77DC /* DateFormatterExtensionTests.swift in Sources */ = {isa = PBXBuildFile; fileRef = D553CA4720EBF1E4004E77DC /* DateFormatterExtensionTests.swift */; };
		D553CA4B20EBF432004E77DC /* MovieSearchResultsComponentViewController.swift in Sources */ = {isa = PBXBuildFile; fileRef = D553CA4A20EBF432004E77DC /* MovieSearchResultsComponentViewController.swift */; };
		D553CA4D20EBF518004E77DC /* BaseTableComponentViewController.swift in Sources */ = {isa = PBXBuildFile; fileRef = D553CA4C20EBF518004E77DC /* BaseTableComponentViewController.swift */; };
		D553CA5120EBF754004E77DC /* BaseCollectionComponentModel.swift in Sources */ = {isa = PBXBuildFile; fileRef = D553CA5020EBF754004E77DC /* BaseCollectionComponentModel.swift */; };
		D553CA5320EBFAF7004E77DC /* UIViewControllerExtension.swift in Sources */ = {isa = PBXBuildFile; fileRef = D553CA5220EBFAF7004E77DC /* UIViewControllerExtension.swift */; };
		D553CA5620EBFBD3004E77DC /* MovieSearchResultComponentModel.swift in Sources */ = {isa = PBXBuildFile; fileRef = D553CA5520EBFBD3004E77DC /* MovieSearchResultComponentModel.swift */; };
		D553CA5820EBFC62004E77DC /* MovieSearchResultCellModel.swift in Sources */ = {isa = PBXBuildFile; fileRef = D553CA5720EBFC62004E77DC /* MovieSearchResultCellModel.swift */; };
		D553CA5A20EC033E004E77DC /* MovieSearchResultViewCell.swift in Sources */ = {isa = PBXBuildFile; fileRef = D553CA5920EC033E004E77DC /* MovieSearchResultViewCell.swift */; };
		D553CA5E20EC2913004E77DC /* SearchMovieModel.swift in Sources */ = {isa = PBXBuildFile; fileRef = D553CA5D20EC2913004E77DC /* SearchMovieModel.swift */; };
		D553CA6020EC2B64004E77DC /* UIStoryboardExtension.swift in Sources */ = {isa = PBXBuildFile; fileRef = D553CA5F20EC2B64004E77DC /* UIStoryboardExtension.swift */; };
		D553CA6220EC3BFE004E77DC /* AlamofireImage.framework in Frameworks */ = {isa = PBXBuildFile; fileRef = D553CA6120EC3BFE004E77DC /* AlamofireImage.framework */; };
		D553CA6320EC3C06004E77DC /* AlamofireImage.framework in Frameworks */ = {isa = PBXBuildFile; fileRef = D553CA6120EC3BFE004E77DC /* AlamofireImage.framework */; };
		D553CA6420EC3C06004E77DC /* AlamofireImage.framework in Embed Frameworks */ = {isa = PBXBuildFile; fileRef = D553CA6120EC3BFE004E77DC /* AlamofireImage.framework */; settings = {ATTRIBUTES = (CodeSignOnCopy, RemoveHeadersOnCopy, ); }; };
		D553CA6820ED2D10004E77DC /* TMDBRouterTests.swift in Sources */ = {isa = PBXBuildFile; fileRef = D553CA6720ED2D10004E77DC /* TMDBRouterTests.swift */; };
		D56879A020EABAD700DD10A7 /* BaseComponentProtocol.swift in Sources */ = {isa = PBXBuildFile; fileRef = D568799F20EABAD700DD10A7 /* BaseComponentProtocol.swift */; };
/* End PBXBuildFile section */

/* Begin PBXContainerItemProxy section */
		D5334D8F20E900E3008F3249 /* PBXContainerItemProxy */ = {
			isa = PBXContainerItemProxy;
			containerPortal = D5334D7220E900E3008F3249 /* Project object */;
			proxyType = 1;
			remoteGlobalIDString = D5334D7920E900E3008F3249;
			remoteInfo = MovieFinder;
		};
/* End PBXContainerItemProxy section */

/* Begin PBXCopyFilesBuildPhase section */
		D50CA16520E933EE005758C7 /* Embed Frameworks */ = {
			isa = PBXCopyFilesBuildPhase;
			buildActionMask = 2147483647;
			dstPath = "";
			dstSubfolderSpec = 10;
			files = (
				D50CA16420E933EE005758C7 /* Alamofire.framework in Embed Frameworks */,
				D553CA6420EC3C06004E77DC /* AlamofireImage.framework in Embed Frameworks */,
			);
			name = "Embed Frameworks";
			runOnlyForDeploymentPostprocessing = 0;
		};
/* End PBXCopyFilesBuildPhase section */

/* Begin PBXFileReference section */
		D50CA15B20E90771005758C7 /* NetworkManager.swift */ = {isa = PBXFileReference; lastKnownFileType = sourcecode.swift; path = NetworkManager.swift; sourceTree = "<group>"; };
		D50CA16A20E9564B005758C7 /* TMDBRouter.swift */ = {isa = PBXFileReference; lastKnownFileType = sourcecode.swift; path = TMDBRouter.swift; sourceTree = "<group>"; };
		D50D3A2320E9026C00DE2414 /* Alamofire.framework */ = {isa = PBXFileReference; lastKnownFileType = wrapper.framework; name = Alamofire.framework; path = Carthage/Build/iOS/Alamofire.framework; sourceTree = "<group>"; };
		D5327E9B20EA9EE200D2D042 /* Movie.swift */ = {isa = PBXFileReference; lastKnownFileType = sourcecode.swift; path = Movie.swift; sourceTree = "<group>"; };
		D5327E9E20EAA7A100D2D042 /* DateFormatterExtension.swift */ = {isa = PBXFileReference; lastKnownFileType = sourcecode.swift; path = DateFormatterExtension.swift; sourceTree = "<group>"; };
		D5334D7A20E900E3008F3249 /* MovieFinder.app */ = {isa = PBXFileReference; explicitFileType = wrapper.application; includeInIndex = 0; path = MovieFinder.app; sourceTree = BUILT_PRODUCTS_DIR; };
		D5334D7D20E900E3008F3249 /* AppDelegate.swift */ = {isa = PBXFileReference; lastKnownFileType = sourcecode.swift; path = AppDelegate.swift; sourceTree = "<group>"; };
		D5334D8220E900E3008F3249 /* Base */ = {isa = PBXFileReference; lastKnownFileType = file.storyboard; name = Base; path = Base.lproj/Main.storyboard; sourceTree = "<group>"; };
		D5334D8420E900E3008F3249 /* Assets.xcassets */ = {isa = PBXFileReference; lastKnownFileType = folder.assetcatalog; path = Assets.xcassets; sourceTree = "<group>"; };
		D5334D8720E900E3008F3249 /* Base */ = {isa = PBXFileReference; lastKnownFileType = file.storyboard; name = Base; path = Base.lproj/LaunchScreen.storyboard; sourceTree = "<group>"; };
		D5334D8920E900E3008F3249 /* Info.plist */ = {isa = PBXFileReference; lastKnownFileType = text.plist.xml; path = Info.plist; sourceTree = "<group>"; };
		D5334D8E20E900E3008F3249 /* MovieFinderTests.xctest */ = {isa = PBXFileReference; explicitFileType = wrapper.cfbundle; includeInIndex = 0; path = MovieFinderTests.xctest; sourceTree = BUILT_PRODUCTS_DIR; };
		D5334D9420E900E3008F3249 /* Info.plist */ = {isa = PBXFileReference; lastKnownFileType = text.plist.xml; path = Info.plist; sourceTree = "<group>"; };
		D553CA3B20EBDDC8004E77DC /* BaseSectionDataModel.swift */ = {isa = PBXFileReference; lastKnownFileType = sourcecode.swift; path = BaseSectionDataModel.swift; sourceTree = "<group>"; };
		D553CA3F20EBDF02004E77DC /* BaseTableComponentViewCell.swift */ = {isa = PBXFileReference; lastKnownFileType = sourcecode.swift; path = BaseTableComponentViewCell.swift; sourceTree = "<group>"; };
		D553CA4120EBDFA3004E77DC /* MovieSearchViewController.swift */ = {isa = PBXFileReference; lastKnownFileType = sourcecode.swift; path = MovieSearchViewController.swift; sourceTree = "<group>"; };
		D553CA4420EBEA2B004E77DC /* MovieTests.swift */ = {isa = PBXFileReference; lastKnownFileType = sourcecode.swift; path = MovieTests.swift; sourceTree = "<group>"; };
		D553CA4720EBF1E4004E77DC /* DateFormatterExtensionTests.swift */ = {isa = PBXFileReference; lastKnownFileType = sourcecode.swift; path = DateFormatterExtensionTests.swift; sourceTree = "<group>"; };
		D553CA4A20EBF432004E77DC /* MovieSearchResultsComponentViewController.swift */ = {isa = PBXFileReference; lastKnownFileType = sourcecode.swift; path = MovieSearchResultsComponentViewController.swift; sourceTree = "<group>"; };
		D553CA4C20EBF518004E77DC /* BaseTableComponentViewController.swift */ = {isa = PBXFileReference; lastKnownFileType = sourcecode.swift; path = BaseTableComponentViewController.swift; sourceTree = "<group>"; };
		D553CA5020EBF754004E77DC /* BaseCollectionComponentModel.swift */ = {isa = PBXFileReference; fileEncoding = 4; lastKnownFileType = sourcecode.swift; path = BaseCollectionComponentModel.swift; sourceTree = "<group>"; };
		D553CA5220EBFAF7004E77DC /* UIViewControllerExtension.swift */ = {isa = PBXFileReference; lastKnownFileType = sourcecode.swift; path = UIViewControllerExtension.swift; sourceTree = "<group>"; };
		D553CA5520EBFBD3004E77DC /* MovieSearchResultComponentModel.swift */ = {isa = PBXFileReference; lastKnownFileType = sourcecode.swift; path = MovieSearchResultComponentModel.swift; sourceTree = "<group>"; };
		D553CA5720EBFC62004E77DC /* MovieSearchResultCellModel.swift */ = {isa = PBXFileReference; lastKnownFileType = sourcecode.swift; path = MovieSearchResultCellModel.swift; sourceTree = "<group>"; };
		D553CA5920EC033E004E77DC /* MovieSearchResultViewCell.swift */ = {isa = PBXFileReference; lastKnownFileType = sourcecode.swift; path = MovieSearchResultViewCell.swift; sourceTree = "<group>"; };
		D553CA5D20EC2913004E77DC /* SearchMovieModel.swift */ = {isa = PBXFileReference; lastKnownFileType = sourcecode.swift; path = SearchMovieModel.swift; sourceTree = "<group>"; };
		D553CA5F20EC2B64004E77DC /* UIStoryboardExtension.swift */ = {isa = PBXFileReference; lastKnownFileType = sourcecode.swift; path = UIStoryboardExtension.swift; sourceTree = "<group>"; };
		D553CA6120EC3BFE004E77DC /* AlamofireImage.framework */ = {isa = PBXFileReference; lastKnownFileType = wrapper.framework; name = AlamofireImage.framework; path = Carthage/Build/iOS/AlamofireImage.framework; sourceTree = "<group>"; };
		D553CA6720ED2D10004E77DC /* TMDBRouterTests.swift */ = {isa = PBXFileReference; lastKnownFileType = sourcecode.swift; path = TMDBRouterTests.swift; sourceTree = "<group>"; };
		D568799F20EABAD700DD10A7 /* BaseComponentProtocol.swift */ = {isa = PBXFileReference; lastKnownFileType = sourcecode.swift; path = BaseComponentProtocol.swift; sourceTree = "<group>"; };
/* End PBXFileReference section */

/* Begin PBXFrameworksBuildPhase section */
		D5334D7720E900E3008F3249 /* Frameworks */ = {
			isa = PBXFrameworksBuildPhase;
			buildActionMask = 2147483647;
			files = (
				D553CA6220EC3BFE004E77DC /* AlamofireImage.framework in Frameworks */,
				D50D3A2420E9026C00DE2414 /* Alamofire.framework in Frameworks */,
				D50CA16320E933EE005758C7 /* Alamofire.framework in Frameworks */,
				D553CA6320EC3C06004E77DC /* AlamofireImage.framework in Frameworks */,
			);
			runOnlyForDeploymentPostprocessing = 0;
		};
		D5334D8B20E900E3008F3249 /* Frameworks */ = {
			isa = PBXFrameworksBuildPhase;
			buildActionMask = 2147483647;
			files = (
			);
			runOnlyForDeploymentPostprocessing = 0;
		};
/* End PBXFrameworksBuildPhase section */

/* Begin PBXGroup section */
		D50CA15820E90582005758C7 /* Model */ = {
			isa = PBXGroup;
			children = (
				D5327E9B20EA9EE200D2D042 /* Movie.swift */,
			);
			name = Model;
			sourceTree = "<group>";
		};
		D50CA15D20E90BEE005758C7 /* Network */ = {
			isa = PBXGroup;
			children = (
				D50CA15B20E90771005758C7 /* NetworkManager.swift */,
				D50CA16A20E9564B005758C7 /* TMDBRouter.swift */,
			);
			name = Network;
			sourceTree = "<group>";
		};
		D50CA17120E9627A005758C7 /* Network */ = {
			isa = PBXGroup;
			children = (
				D553CA6720ED2D10004E77DC /* TMDBRouterTests.swift */,
			);
			name = Network;
			sourceTree = "<group>";
		};
		D50D3A2220E9026300DE2414 /* Frameworks */ = {
			isa = PBXGroup;
			children = (
				D553CA6120EC3BFE004E77DC /* AlamofireImage.framework */,
				D50D3A2320E9026C00DE2414 /* Alamofire.framework */,
			);
			name = Frameworks;
			sourceTree = "<group>";
		};
		D50D3A2520E904B400DE2414 /* ViewController */ = {
			isa = PBXGroup;
			children = (
				D56879A120EABB4B00DD10A7 /* Abstract */,
				D553CA4120EBDFA3004E77DC /* MovieSearchViewController.swift */,
			);
			name = ViewController;
			sourceTree = "<group>";
		};
		D5327E9D20EAA79600D2D042 /* Helper */ = {
			isa = PBXGroup;
			children = (
				D5327E9E20EAA7A100D2D042 /* DateFormatterExtension.swift */,
				D553CA5220EBFAF7004E77DC /* UIViewControllerExtension.swift */,
				D553CA5F20EC2B64004E77DC /* UIStoryboardExtension.swift */,
			);
			name = Helper;
			sourceTree = "<group>";
		};
		D5334D7120E900E3008F3249 = {
			isa = PBXGroup;
			children = (
				D5334D7C20E900E3008F3249 /* MovieFinder */,
				D50D3A2220E9026300DE2414 /* Frameworks */,
				D5334D9120E900E3008F3249 /* MovieFinderTests */,
				D5334D7B20E900E3008F3249 /* Products */,
			);
			sourceTree = "<group>";
		};
		D5334D7B20E900E3008F3249 /* Products */ = {
			isa = PBXGroup;
			children = (
				D5334D7A20E900E3008F3249 /* MovieFinder.app */,
				D5334D8E20E900E3008F3249 /* MovieFinderTests.xctest */,
			);
			name = Products;
			sourceTree = "<group>";
		};
		D5334D7C20E900E3008F3249 /* MovieFinder */ = {
			isa = PBXGroup;
			children = (
				D553CA4920EBF403004E77DC /* Components */,
				D553CA3D20EBDEE7004E77DC /* View */,
				D56879A220EABB5E00DD10A7 /* ViewModel */,
				D568799E20EABAC700DD10A7 /* Protocol */,
				D5327E9D20EAA79600D2D042 /* Helper */,
				D50CA15D20E90BEE005758C7 /* Network */,
				D50CA15820E90582005758C7 /* Model */,
				D5CCFADF20E9055600A76D93 /* Supporting Files */,
				D50D3A2520E904B400DE2414 /* ViewController */,
				D5334D7D20E900E3008F3249 /* AppDelegate.swift */,
				D5334D8120E900E3008F3249 /* Main.storyboard */,
			);
			path = MovieFinder;
			sourceTree = "<group>";
		};
		D5334D9120E900E3008F3249 /* MovieFinderTests */ = {
			isa = PBXGroup;
			children = (
				D553CA4620EBF170004E77DC /* Helper */,
				D553CA4320EBEA1D004E77DC /* Model */,
				D50CA17120E9627A005758C7 /* Network */,
				D5334D9420E900E3008F3249 /* Info.plist */,
			);
			path = MovieFinderTests;
			sourceTree = "<group>";
		};
		D553CA3D20EBDEE7004E77DC /* View */ = {
			isa = PBXGroup;
			children = (
				D553CA3E20EBDEED004E77DC /* Abstract */,
				D553CA5920EC033E004E77DC /* MovieSearchResultViewCell.swift */,
			);
			name = View;
			sourceTree = "<group>";
		};
		D553CA3E20EBDEED004E77DC /* Abstract */ = {
			isa = PBXGroup;
			children = (
				D553CA3F20EBDF02004E77DC /* BaseTableComponentViewCell.swift */,
			);
			name = Abstract;
			sourceTree = "<group>";
		};
		D553CA4320EBEA1D004E77DC /* Model */ = {
			isa = PBXGroup;
			children = (
				D553CA4420EBEA2B004E77DC /* MovieTests.swift */,
			);
			name = Model;
			sourceTree = "<group>";
		};
		D553CA4620EBF170004E77DC /* Helper */ = {
			isa = PBXGroup;
			children = (
				D553CA4720EBF1E4004E77DC /* DateFormatterExtensionTests.swift */,
			);
			name = Helper;
			sourceTree = "<group>";
		};
		D553CA4920EBF403004E77DC /* Components */ = {
			isa = PBXGroup;
			children = (
				D553CA4A20EBF432004E77DC /* MovieSearchResultsComponentViewController.swift */,
			);
			name = Components;
			sourceTree = "<group>";
		};
		D553CA5420EBFBB5004E77DC /* MovieSearch */ = {
			isa = PBXGroup;
			children = (
				D553CA5520EBFBD3004E77DC /* MovieSearchResultComponentModel.swift */,
				D553CA5720EBFC62004E77DC /* MovieSearchResultCellModel.swift */,
				D553CA5D20EC2913004E77DC /* SearchMovieModel.swift */,
			);
			name = MovieSearch;
			sourceTree = "<group>";
		};
		D568799E20EABAC700DD10A7 /* Protocol */ = {
			isa = PBXGroup;
			children = (
				D568799F20EABAD700DD10A7 /* BaseComponentProtocol.swift */,
			);
			name = Protocol;
			sourceTree = "<group>";
		};
		D56879A120EABB4B00DD10A7 /* Abstract */ = {
			isa = PBXGroup;
			children = (
				D553CA4C20EBF518004E77DC /* BaseTableComponentViewController.swift */,
			);
			name = Abstract;
			sourceTree = "<group>";
		};
		D56879A220EABB5E00DD10A7 /* ViewModel */ = {
			isa = PBXGroup;
			children = (
				D553CA5420EBFBB5004E77DC /* MovieSearch */,
				D56879A520EABB7900DD10A7 /* Abstract */,
			);
			name = ViewModel;
			sourceTree = "<group>";
		};
		D56879A520EABB7900DD10A7 /* Abstract */ = {
			isa = PBXGroup;
			children = (
				D553CA5020EBF754004E77DC /* BaseCollectionComponentModel.swift */,
				D553CA3B20EBDDC8004E77DC /* BaseSectionDataModel.swift */,
			);
			name = Abstract;
			sourceTree = "<group>";
		};
		D5CCFADF20E9055600A76D93 /* Supporting Files */ = {
			isa = PBXGroup;
			children = (
				D5334D8620E900E3008F3249 /* LaunchScreen.storyboard */,
				D5334D8920E900E3008F3249 /* Info.plist */,
				D5334D8420E900E3008F3249 /* Assets.xcassets */,
			);
			name = "Supporting Files";
			sourceTree = "<group>";
		};
/* End PBXGroup section */

/* Begin PBXNativeTarget section */
		D5334D7920E900E3008F3249 /* MovieFinder */ = {
			isa = PBXNativeTarget;
			buildConfigurationList = D5334D9720E900E3008F3249 /* Build configuration list for PBXNativeTarget "MovieFinder" */;
			buildPhases = (
				D5334D7620E900E3008F3249 /* Sources */,
				D5334D7720E900E3008F3249 /* Frameworks */,
				D5334D7820E900E3008F3249 /* Resources */,
				D50CA16520E933EE005758C7 /* Embed Frameworks */,
			);
			buildRules = (
			);
			dependencies = (
			);
			name = MovieFinder;
			productName = MovieFinder;
			productReference = D5334D7A20E900E3008F3249 /* MovieFinder.app */;
			productType = "com.apple.product-type.application";
		};
		D5334D8D20E900E3008F3249 /* MovieFinderTests */ = {
			isa = PBXNativeTarget;
			buildConfigurationList = D5334D9A20E900E3008F3249 /* Build configuration list for PBXNativeTarget "MovieFinderTests" */;
			buildPhases = (
				D5334D8A20E900E3008F3249 /* Sources */,
				D5334D8B20E900E3008F3249 /* Frameworks */,
				D5334D8C20E900E3008F3249 /* Resources */,
			);
			buildRules = (
			);
			dependencies = (
				D5334D9020E900E3008F3249 /* PBXTargetDependency */,
			);
			name = MovieFinderTests;
			productName = MovieFinderTests;
			productReference = D5334D8E20E900E3008F3249 /* MovieFinderTests.xctest */;
			productType = "com.apple.product-type.bundle.unit-test";
		};
/* End PBXNativeTarget section */

/* Begin PBXProject section */
		D5334D7220E900E3008F3249 /* Project object */ = {
			isa = PBXProject;
			attributes = {
				LastSwiftUpdateCheck = 0940;
				LastUpgradeCheck = 0940;
				ORGANIZATIONNAME = "Sten Anderßen";
				TargetAttributes = {
					D5334D7920E900E3008F3249 = {
						CreatedOnToolsVersion = 9.4.1;
					};
					D5334D8D20E900E3008F3249 = {
						CreatedOnToolsVersion = 9.4.1;
						TestTargetID = D5334D7920E900E3008F3249;
					};
				};
			};
			buildConfigurationList = D5334D7520E900E3008F3249 /* Build configuration list for PBXProject "MovieFinder" */;
			compatibilityVersion = "Xcode 9.3";
			developmentRegion = en;
			hasScannedForEncodings = 0;
			knownRegions = (
				en,
				Base,
			);
			mainGroup = D5334D7120E900E3008F3249;
			productRefGroup = D5334D7B20E900E3008F3249 /* Products */;
			projectDirPath = "";
			projectRoot = "";
			targets = (
				D5334D7920E900E3008F3249 /* MovieFinder */,
				D5334D8D20E900E3008F3249 /* MovieFinderTests */,
			);
		};
/* End PBXProject section */

/* Begin PBXResourcesBuildPhase section */
		D5334D7820E900E3008F3249 /* Resources */ = {
			isa = PBXResourcesBuildPhase;
			buildActionMask = 2147483647;
			files = (
				D5334D8820E900E3008F3249 /* LaunchScreen.storyboard in Resources */,
				D5334D8520E900E3008F3249 /* Assets.xcassets in Resources */,
				D5334D8320E900E3008F3249 /* Main.storyboard in Resources */,
			);
			runOnlyForDeploymentPostprocessing = 0;
		};
		D5334D8C20E900E3008F3249 /* Resources */ = {
			isa = PBXResourcesBuildPhase;
			buildActionMask = 2147483647;
			files = (
			);
			runOnlyForDeploymentPostprocessing = 0;
		};
/* End PBXResourcesBuildPhase section */

/* Begin PBXSourcesBuildPhase section */
		D5334D7620E900E3008F3249 /* Sources */ = {
			isa = PBXSourcesBuildPhase;
			buildActionMask = 2147483647;
			files = (
				D553CA5820EBFC62004E77DC /* MovieSearchResultCellModel.swift in Sources */,
				D553CA3C20EBDDC8004E77DC /* BaseSectionDataModel.swift in Sources */,
				D50CA16B20E9564B005758C7 /* TMDBRouter.swift in Sources */,
				D50CA15C20E90771005758C7 /* NetworkManager.swift in Sources */,
				D553CA6020EC2B64004E77DC /* UIStoryboardExtension.swift in Sources */,
				D553CA5E20EC2913004E77DC /* SearchMovieModel.swift in Sources */,
				D56879A020EABAD700DD10A7 /* BaseComponentProtocol.swift in Sources */,
				D553CA5120EBF754004E77DC /* BaseCollectionComponentModel.swift in Sources */,
				D553CA4220EBDFA3004E77DC /* MovieSearchViewController.swift in Sources */,
				D553CA5620EBFBD3004E77DC /* MovieSearchResultComponentModel.swift in Sources */,
				D553CA4D20EBF518004E77DC /* BaseTableComponentViewController.swift in Sources */,
				D5327E9F20EAA7A100D2D042 /* DateFormatterExtension.swift in Sources */,
				D553CA5A20EC033E004E77DC /* MovieSearchResultViewCell.swift in Sources */,
				D553CA4B20EBF432004E77DC /* MovieSearchResultsComponentViewController.swift in Sources */,
				D553CA5320EBFAF7004E77DC /* UIViewControllerExtension.swift in Sources */,
				D5334D7E20E900E3008F3249 /* AppDelegate.swift in Sources */,
				D5327E9C20EA9EE200D2D042 /* Movie.swift in Sources */,
				D553CA4020EBDF02004E77DC /* BaseTableComponentViewCell.swift in Sources */,
			);
			runOnlyForDeploymentPostprocessing = 0;
		};
		D5334D8A20E900E3008F3249 /* Sources */ = {
			isa = PBXSourcesBuildPhase;
			buildActionMask = 2147483647;
			files = (
				D553CA4520EBEA2B004E77DC /* MovieTests.swift in Sources */,
				D553CA4820EBF1E4004E77DC /* DateFormatterExtensionTests.swift in Sources */,
				D553CA6820ED2D10004E77DC /* TMDBRouterTests.swift in Sources */,
			);
			runOnlyForDeploymentPostprocessing = 0;
		};
/* End PBXSourcesBuildPhase section */

/* Begin PBXTargetDependency section */
		D5334D9020E900E3008F3249 /* PBXTargetDependency */ = {
			isa = PBXTargetDependency;
			target = D5334D7920E900E3008F3249 /* MovieFinder */;
			targetProxy = D5334D8F20E900E3008F3249 /* PBXContainerItemProxy */;
		};
/* End PBXTargetDependency section */

/* Begin PBXVariantGroup section */
		D5334D8120E900E3008F3249 /* Main.storyboard */ = {
			isa = PBXVariantGroup;
			children = (
				D5334D8220E900E3008F3249 /* Base */,
			);
			name = Main.storyboard;
			sourceTree = "<group>";
		};
		D5334D8620E900E3008F3249 /* LaunchScreen.storyboard */ = {
			isa = PBXVariantGroup;
			children = (
				D5334D8720E900E3008F3249 /* Base */,
			);
			name = LaunchScreen.storyboard;
			sourceTree = "<group>";
		};
/* End PBXVariantGroup section */

/* Begin XCBuildConfiguration section */
		D5334D9520E900E3008F3249 /* Debug */ = {
			isa = XCBuildConfiguration;
			buildSettings = {
				ALWAYS_SEARCH_USER_PATHS = NO;
				CLANG_ANALYZER_NONNULL = YES;
				CLANG_ANALYZER_NUMBER_OBJECT_CONVERSION = YES_AGGRESSIVE;
				CLANG_CXX_LANGUAGE_STANDARD = "gnu++14";
				CLANG_CXX_LIBRARY = "libc++";
				CLANG_ENABLE_MODULES = YES;
				CLANG_ENABLE_OBJC_ARC = YES;
				CLANG_ENABLE_OBJC_WEAK = YES;
				CLANG_WARN_BLOCK_CAPTURE_AUTORELEASING = YES;
				CLANG_WARN_BOOL_CONVERSION = YES;
				CLANG_WARN_COMMA = YES;
				CLANG_WARN_CONSTANT_CONVERSION = YES;
				CLANG_WARN_DEPRECATED_OBJC_IMPLEMENTATIONS = YES;
				CLANG_WARN_DIRECT_OBJC_ISA_USAGE = YES_ERROR;
				CLANG_WARN_DOCUMENTATION_COMMENTS = YES;
				CLANG_WARN_EMPTY_BODY = YES;
				CLANG_WARN_ENUM_CONVERSION = YES;
				CLANG_WARN_INFINITE_RECURSION = YES;
				CLANG_WARN_INT_CONVERSION = YES;
				CLANG_WARN_NON_LITERAL_NULL_CONVERSION = YES;
				CLANG_WARN_OBJC_IMPLICIT_RETAIN_SELF = YES;
				CLANG_WARN_OBJC_LITERAL_CONVERSION = YES;
				CLANG_WARN_OBJC_ROOT_CLASS = YES_ERROR;
				CLANG_WARN_RANGE_LOOP_ANALYSIS = YES;
				CLANG_WARN_STRICT_PROTOTYPES = YES;
				CLANG_WARN_SUSPICIOUS_MOVE = YES;
				CLANG_WARN_UNGUARDED_AVAILABILITY = YES_AGGRESSIVE;
				CLANG_WARN_UNREACHABLE_CODE = YES;
				CLANG_WARN__DUPLICATE_METHOD_MATCH = YES;
				CODE_SIGN_IDENTITY = "iPhone Developer";
				COPY_PHASE_STRIP = NO;
				DEBUG_INFORMATION_FORMAT = dwarf;
				ENABLE_STRICT_OBJC_MSGSEND = YES;
				ENABLE_TESTABILITY = YES;
				GCC_C_LANGUAGE_STANDARD = gnu11;
				GCC_DYNAMIC_NO_PIC = NO;
				GCC_NO_COMMON_BLOCKS = YES;
				GCC_OPTIMIZATION_LEVEL = 0;
				GCC_PREPROCESSOR_DEFINITIONS = (
					"DEBUG=1",
					"$(inherited)",
				);
				GCC_WARN_64_TO_32_BIT_CONVERSION = YES;
				GCC_WARN_ABOUT_RETURN_TYPE = YES_ERROR;
				GCC_WARN_UNDECLARED_SELECTOR = YES;
				GCC_WARN_UNINITIALIZED_AUTOS = YES_AGGRESSIVE;
				GCC_WARN_UNUSED_FUNCTION = YES;
				GCC_WARN_UNUSED_VARIABLE = YES;
				IPHONEOS_DEPLOYMENT_TARGET = 9.3;
				MTL_ENABLE_DEBUG_INFO = YES;
				ONLY_ACTIVE_ARCH = YES;
				SDKROOT = iphoneos;
				SWIFT_ACTIVE_COMPILATION_CONDITIONS = DEBUG;
				SWIFT_OPTIMIZATION_LEVEL = "-Onone";
			};
			name = Debug;
		};
		D5334D9620E900E3008F3249 /* Release */ = {
			isa = XCBuildConfiguration;
			buildSettings = {
				ALWAYS_SEARCH_USER_PATHS = NO;
				CLANG_ANALYZER_NONNULL = YES;
				CLANG_ANALYZER_NUMBER_OBJECT_CONVERSION = YES_AGGRESSIVE;
				CLANG_CXX_LANGUAGE_STANDARD = "gnu++14";
				CLANG_CXX_LIBRARY = "libc++";
				CLANG_ENABLE_MODULES = YES;
				CLANG_ENABLE_OBJC_ARC = YES;
				CLANG_ENABLE_OBJC_WEAK = YES;
				CLANG_WARN_BLOCK_CAPTURE_AUTORELEASING = YES;
				CLANG_WARN_BOOL_CONVERSION = YES;
				CLANG_WARN_COMMA = YES;
				CLANG_WARN_CONSTANT_CONVERSION = YES;
				CLANG_WARN_DEPRECATED_OBJC_IMPLEMENTATIONS = YES;
				CLANG_WARN_DIRECT_OBJC_ISA_USAGE = YES_ERROR;
				CLANG_WARN_DOCUMENTATION_COMMENTS = YES;
				CLANG_WARN_EMPTY_BODY = YES;
				CLANG_WARN_ENUM_CONVERSION = YES;
				CLANG_WARN_INFINITE_RECURSION = YES;
				CLANG_WARN_INT_CONVERSION = YES;
				CLANG_WARN_NON_LITERAL_NULL_CONVERSION = YES;
				CLANG_WARN_OBJC_IMPLICIT_RETAIN_SELF = YES;
				CLANG_WARN_OBJC_LITERAL_CONVERSION = YES;
				CLANG_WARN_OBJC_ROOT_CLASS = YES_ERROR;
				CLANG_WARN_RANGE_LOOP_ANALYSIS = YES;
				CLANG_WARN_STRICT_PROTOTYPES = YES;
				CLANG_WARN_SUSPICIOUS_MOVE = YES;
				CLANG_WARN_UNGUARDED_AVAILABILITY = YES_AGGRESSIVE;
				CLANG_WARN_UNREACHABLE_CODE = YES;
				CLANG_WARN__DUPLICATE_METHOD_MATCH = YES;
				CODE_SIGN_IDENTITY = "iPhone Developer";
				COPY_PHASE_STRIP = NO;
				DEBUG_INFORMATION_FORMAT = "dwarf-with-dsym";
				ENABLE_NS_ASSERTIONS = NO;
				ENABLE_STRICT_OBJC_MSGSEND = YES;
				GCC_C_LANGUAGE_STANDARD = gnu11;
				GCC_NO_COMMON_BLOCKS = YES;
				GCC_WARN_64_TO_32_BIT_CONVERSION = YES;
				GCC_WARN_ABOUT_RETURN_TYPE = YES_ERROR;
				GCC_WARN_UNDECLARED_SELECTOR = YES;
				GCC_WARN_UNINITIALIZED_AUTOS = YES_AGGRESSIVE;
				GCC_WARN_UNUSED_FUNCTION = YES;
				GCC_WARN_UNUSED_VARIABLE = YES;
				IPHONEOS_DEPLOYMENT_TARGET = 9.3;
				MTL_ENABLE_DEBUG_INFO = NO;
				SDKROOT = iphoneos;
				SWIFT_COMPILATION_MODE = wholemodule;
				SWIFT_OPTIMIZATION_LEVEL = "-O";
				VALIDATE_PRODUCT = YES;
			};
			name = Release;
		};
		D5334D9820E900E3008F3249 /* Debug */ = {
			isa = XCBuildConfiguration;
			buildSettings = {
				ASSETCATALOG_COMPILER_APPICON_NAME = AppIcon;
				CODE_SIGN_STYLE = Automatic;
				FRAMEWORK_SEARCH_PATHS = (
					"$(inherited)",
					"$(PROJECT_DIR)/Carthage/Build/iOS",
				);
				INFOPLIST_FILE = MovieFinder/Info.plist;
				LD_RUNPATH_SEARCH_PATHS = (
					"$(inherited)",
					"@executable_path/Frameworks",
				);
				PRODUCT_BUNDLE_IDENTIFIER = de.anderssen.ios.MovieFinder;
				PRODUCT_NAME = "$(TARGET_NAME)";
				SWIFT_VERSION = 4.0;
				TARGETED_DEVICE_FAMILY = "1,2";
			};
			name = Debug;
		};
		D5334D9920E900E3008F3249 /* Release */ = {
			isa = XCBuildConfiguration;
			buildSettings = {
				ASSETCATALOG_COMPILER_APPICON_NAME = AppIcon;
				CODE_SIGN_STYLE = Automatic;
				FRAMEWORK_SEARCH_PATHS = (
					"$(inherited)",
					"$(PROJECT_DIR)/Carthage/Build/iOS",
				);
				INFOPLIST_FILE = MovieFinder/Info.plist;
				LD_RUNPATH_SEARCH_PATHS = (
					"$(inherited)",
					"@executable_path/Frameworks",
				);
				PRODUCT_BUNDLE_IDENTIFIER = de.anderssen.ios.MovieFinder;
				PRODUCT_NAME = "$(TARGET_NAME)";
				SWIFT_VERSION = 4.0;
				TARGETED_DEVICE_FAMILY = "1,2";
			};
			name = Release;
		};
		D5334D9B20E900E3008F3249 /* Debug */ = {
			isa = XCBuildConfiguration;
			buildSettings = {
				ALWAYS_EMBED_SWIFT_STANDARD_LIBRARIES = YES;
				BUNDLE_LOADER = "$(TEST_HOST)";
				CODE_SIGN_STYLE = Automatic;
				INFOPLIST_FILE = MovieFinderTests/Info.plist;
				LD_RUNPATH_SEARCH_PATHS = (
					"$(inherited)",
					"@executable_path/Frameworks",
					"@loader_path/Frameworks",
				);
				PRODUCT_BUNDLE_IDENTIFIER = de.anderssen.ios.MovieFinderTests;
				PRODUCT_NAME = "$(TARGET_NAME)";
				SWIFT_VERSION = 4.0;
				TARGETED_DEVICE_FAMILY = "1,2";
				TEST_HOST = "$(BUILT_PRODUCTS_DIR)/MovieFinder.app/MovieFinder";
			};
			name = Debug;
		};
		D5334D9C20E900E3008F3249 /* Release */ = {
			isa = XCBuildConfiguration;
			buildSettings = {
				ALWAYS_EMBED_SWIFT_STANDARD_LIBRARIES = YES;
				BUNDLE_LOADER = "$(TEST_HOST)";
				CODE_SIGN_STYLE = Automatic;
				INFOPLIST_FILE = MovieFinderTests/Info.plist;
				LD_RUNPATH_SEARCH_PATHS = (
					"$(inherited)",
					"@executable_path/Frameworks",
					"@loader_path/Frameworks",
				);
				PRODUCT_BUNDLE_IDENTIFIER = de.anderssen.ios.MovieFinderTests;
				PRODUCT_NAME = "$(TARGET_NAME)";
				SWIFT_VERSION = 4.0;
				TARGETED_DEVICE_FAMILY = "1,2";
				TEST_HOST = "$(BUILT_PRODUCTS_DIR)/MovieFinder.app/MovieFinder";
			};
			name = Release;
		};
/* End XCBuildConfiguration section */

/* Begin XCConfigurationList section */
		D5334D7520E900E3008F3249 /* Build configuration list for PBXProject "MovieFinder" */ = {
			isa = XCConfigurationList;
			buildConfigurations = (
				D5334D9520E900E3008F3249 /* Debug */,
				D5334D9620E900E3008F3249 /* Release */,
			);
			defaultConfigurationIsVisible = 0;
			defaultConfigurationName = Release;
		};
		D5334D9720E900E3008F3249 /* Build configuration list for PBXNativeTarget "MovieFinder" */ = {
			isa = XCConfigurationList;
			buildConfigurations = (
				D5334D9820E900E3008F3249 /* Debug */,
				D5334D9920E900E3008F3249 /* Release */,
			);
			defaultConfigurationIsVisible = 0;
			defaultConfigurationName = Release;
		};
		D5334D9A20E900E3008F3249 /* Build configuration list for PBXNativeTarget "MovieFinderTests" */ = {
			isa = XCConfigurationList;
			buildConfigurations = (
				D5334D9B20E900E3008F3249 /* Debug */,
				D5334D9C20E900E3008F3249 /* Release */,
			);
			defaultConfigurationIsVisible = 0;
			defaultConfigurationName = Release;
		};
/* End XCConfigurationList section */
	};
	rootObject = D5334D7220E900E3008F3249 /* Project object */;
}
